
Microsoft Visual Studio Solution File, Format Version 12.00
# Visual Studio Version 17
VisualStudioVersion = 17.3.32929.385
MinimumVisualStudioVersion = 10.0.40219.1
Project("{FAE04EC0-301F-11D3-BF4B-00C04F79EFBC}") = "VolhaKarchmitSaysHello", "VolhaKarchmitSaysHello\VolhaKarchmitSaysHello.csproj", "{D5767030-6160-4B24-96D8-7AE4F38C31F3}"
EndProject
Global
	GlobalSection(SolutionConfigurationPlatforms) = preSolution
		Debug|Any CPU = Debug|Any CPU
		Release|Any CPU = Release|Any CPU
	EndGlobalSection
	GlobalSection(ProjectConfigurationPlatforms) = postSolution
		{D5767030-6160-4B24-96D8-7AE4F38C31F3}.Debug|Any CPU.ActiveCfg = Debug|Any CPU
		{D5767030-6160-4B24-96D8-7AE4F38C31F3}.Debug|Any CPU.Build.0 = Debug|Any CPU
		{D5767030-6160-4B24-96D8-7AE4F38C31F3}.Release|Any CPU.ActiveCfg = Release|Any CPU
		{D5767030-6160-4B24-96D8-7AE4F38C31F3}.Release|Any CPU.Build.0 = Release|Any CPU
	EndGlobalSection
	GlobalSection(SolutionProperties) = preSolution
		HideSolutionNode = FALSE
	EndGlobalSection
	GlobalSection(ExtensibilityGlobals) = postSolution
		SolutionGuid = {DD42FE28-03BA-47D6-B988-D51DC240E0FC}
	EndGlobalSection
EndGlobal
